
Microsoft Visual Studio Solution File, Format Version 12.00
# Visual Studio Version 16
VisualStudioVersion = 16.0.31911.196
MinimumVisualStudioVersion = 10.0.40219.1
Project("{9A19103F-16F7-4668-BE54-9A1E7A4F7556}") = "Entities", "Entities\Entities.csproj", "{DD22A141-30E9-4AFA-B2B0-8602CF72FAA8}"
EndProject
Project("{9A19103F-16F7-4668-BE54-9A1E7A4F7556}") = "DataAccess", "DataAccess\DataAccess.csproj", "{8474447E-B312-40D9-B85F-7864E11B3812}"
EndProject
Project("{9A19103F-16F7-4668-BE54-9A1E7A4F7556}") = "Business", "Business\Business.csproj", "{C740D4C2-C1D9-4C9A-9F5E-E6812FE5BFC2}"
EndProject
Project("{9A19103F-16F7-4668-BE54-9A1E7A4F7556}") = "Core", "Core\Core.csproj", "{1505873C-11F8-4E84-A3DA-6D7F2D0E4C7E}"
EndProject
Project("{9A19103F-16F7-4668-BE54-9A1E7A4F7556}") = "WebAPI", "WebAPI\WebAPI.csproj", "{8A92049A-7C48-4787-A16F-0058588592AC}"
EndProject
Project("{2150E333-8FDC-42A3-9474-1A3956D46DE8}") = "Solution Items", "Solution Items", "{0E7B9FFA-4C6E-4F7E-9188-23FC8C71C348}"
	ProjectSection(SolutionItems) = preProject
		.editorconfig = .editorconfig
	EndProjectSection
EndProject
Global
	GlobalSection(SolutionConfigurationPlatforms) = preSolution
		Debug|Any CPU = Debug|Any CPU
		Release|Any CPU = Release|Any CPU
	EndGlobalSection
	GlobalSection(ProjectConfigurationPlatforms) = postSolution
		{DD22A141-30E9-4AFA-B2B0-8602CF72FAA8}.Debug|Any CPU.ActiveCfg = Debug|Any CPU
		{DD22A141-30E9-4AFA-B2B0-8602CF72FAA8}.Debug|Any CPU.Build.0 = Debug|Any CPU
		{DD22A141-30E9-4AFA-B2B0-8602CF72FAA8}.Release|Any CPU.ActiveCfg = Release|Any CPU
		{DD22A141-30E9-4AFA-B2B0-8602CF72FAA8}.Release|Any CPU.Build.0 = Release|Any CPU
		{8474447E-B312-40D9-B85F-7864E11B3812}.Debug|Any CPU.ActiveCfg = Debug|Any CPU
		{8474447E-B312-40D9-B85F-7864E11B3812}.Debug|Any CPU.Build.0 = Debug|Any CPU
		{8474447E-B312-40D9-B85F-7864E11B3812}.Release|Any CPU.ActiveCfg = Release|Any CPU
		{8474447E-B312-40D9-B85F-7864E11B3812}.Release|Any CPU.Build.0 = Release|Any CPU
		{C740D4C2-C1D9-4C9A-9F5E-E6812FE5BFC2}.Debug|Any CPU.ActiveCfg = Debug|Any CPU
		{C740D4C2-C1D9-4C9A-9F5E-E6812FE5BFC2}.Debug|Any CPU.Build.0 = Debug|Any CPU
		{C740D4C2-C1D9-4C9A-9F5E-E6812FE5BFC2}.Release|Any CPU.ActiveCfg = Release|Any CPU
		{C740D4C2-C1D9-4C9A-9F5E-E6812FE5BFC2}.Release|Any CPU.Build.0 = Release|Any CPU
		{1505873C-11F8-4E84-A3DA-6D7F2D0E4C7E}.Debug|Any CPU.ActiveCfg = Debug|Any CPU
		{1505873C-11F8-4E84-A3DA-6D7F2D0E4C7E}.Debug|Any CPU.Build.0 = Debug|Any CPU
		{1505873C-11F8-4E84-A3DA-6D7F2D0E4C7E}.Release|Any CPU.ActiveCfg = Release|Any CPU
		{1505873C-11F8-4E84-A3DA-6D7F2D0E4C7E}.Release|Any CPU.Build.0 = Release|Any CPU
		{8A92049A-7C48-4787-A16F-0058588592AC}.Debug|Any CPU.ActiveCfg = Debug|Any CPU
		{8A92049A-7C48-4787-A16F-0058588592AC}.Debug|Any CPU.Build.0 = Debug|Any CPU
		{8A92049A-7C48-4787-A16F-0058588592AC}.Release|Any CPU.ActiveCfg = Release|Any CPU
		{8A92049A-7C48-4787-A16F-0058588592AC}.Release|Any CPU.Build.0 = Release|Any CPU
	EndGlobalSection
	GlobalSection(SolutionProperties) = preSolution
		HideSolutionNode = FALSE
	EndGlobalSection
	GlobalSection(ExtensibilityGlobals) = postSolution
		SolutionGuid = {52ED3D7A-50C0-4712-865B-DD712ACD03E2}
	EndGlobalSection
EndGlobal
